{
  "version": 4,
  "terraform_version": "0.12.13",
  "serial": 12,
  "lineage": "55187822-9b9b-e384-c4ad-fdd015317309",
  "outputs": {},
  "resources": [
    {
      "mode": "managed",
      "type": "aws_instance",
      "name": "my-instance",
      "provider": "provider.aws",
      "instances": [
        {
          "schema_version": 1,
          "attributes": {
            "ami": "ami-09d069a04349dc3cb",
            "arn": "arn:aws:ec2:us-east-1:872512589783:instance/i-05af0eed1ae2e39d9",
            "associate_public_ip_address": true,
            "availability_zone": "us-east-1d",
            "cpu_core_count": 1,
            "cpu_threads_per_core": 1,
            "credit_specification": [
              {
                "cpu_credits": "standard"
              }
            ],
            "disable_api_termination": false,
            "ebs_block_device": [],
            "ebs_optimized": false,
            "ephemeral_block_device": [],
            "get_password_data": false,
            "host_id": null,
            "iam_instance_profile": "",
            "id": "i-05af0eed1ae2e39d9",
            "instance_initiated_shutdown_behavior": null,
            "instance_state": "running",
            "instance_type": "t2.micro",
            "ipv6_address_count": 0,
            "ipv6_addresses": [],
            "key_name": "tf-demo",
            "monitoring": false,
            "network_interface": [],
            "network_interface_id": null,
            "password_data": "",
            "placement_group": "",
            "primary_network_interface_id": "eni-0532fc1f3573e5fea",
            "private_dns": "ip-172-31-39-252.ec2.internal",
            "private_ip": "172.31.39.252",
            "public_dns": "ec2-54-164-249-247.compute-1.amazonaws.com",
            "public_ip": "54.164.249.247",
            "root_block_device": [
              {
                "delete_on_termination": true,
                "encrypted": false,
                "iops": 100,
                "kms_key_id": "",
                "volume_id": "vol-0e2c20c4ad809473a",
                "volume_size": 8,
                "volume_type": "gp2"
              }
            ],
            "security_groups": [
              "default"
            ],
            "source_dest_check": true,
            "subnet_id": "subnet-19badd45",
            "tags": {
              "Name": "Terraform"
            },
            "tenancy": "default",
            "timeouts": null,
            "user_data": "f8daab114e598a90fcc220c2ec0046379d361aa2",
            "user_data_base64": null,
            "volume_tags": {},
            "vpc_security_group_ids": [
              "sg-d313ce91"
            ]
          },
          "private": "eyJlMmJmYjczMC1lY2FhLTExZTYtOGY4OC0zNDM2M2JjN2M0YzAiOnsiY3JlYXRlIjo2MDAwMDAwMDAwMDAsImRlbGV0ZSI6MTIwMDAwMDAwMDAwMCwidXBkYXRlIjo2MDAwMDAwMDAwMDB9LCJzY2hlbWFfdmVyc2lvbiI6IjEifQ==",
          "depends_on": [
            "aws_key_pair.tf-demo"
          ]
        }
      ]
    },
    {
      "mode": "managed",
      "type": "aws_key_pair",
      "name": "tf-demo",
      "provider": "provider.aws",
      "instances": [
        {
          "schema_version": 1,
          "attributes": {
            "fingerprint": "3f:e3:d9:6a:46:bd:9f:84:9d:aa:b3:6d:75:2a:2c:05",
            "id": "tf-demo",
            "key_name": "tf-demo",
            "key_name_prefix": null,
            "public_key": "ssh-rsa AAAAB3NzaC1yc2EAAAADAQABAAABAQCx90ecoXwOse5muqIeEDTfP/6ZBXC3WXmw4s8ed2/qA9i7Dgm9XwNl+0luEtpOYTLZ5ZTzcQ73slZxHMIfGLdryKpQqVJrRlYSqsDy+J8G3eu7boQ31JmcQH/XzQxUsvgW0W0QQyUHF3bzbx3u7CteKU7VcPmR12c5hOzKZpPvlXcjDudY/6qXZ81RjQOAsRYEcG/IG5hdHhbzbugM+BzVpXwzzUw+cpf7F58N1A2VxnqhywBYzA+qrPFcJNv40govGk7QwGJ8AoJNNT2jGwJ1/sXN/lYW1X0MWdlWDK9E6CFx41oeEuXR8Uo/eSA5sM33fvcBrRM2jiRPtWJphjOv presidioad\\ucheema@19-0376"
          },
          "private": "eyJzY2hlbWFfdmVyc2lvbiI6IjEifQ=="
        }
      ]
    }
  ]
}
